
Microsoft Visual Studio Solution File, Format Version 12.00
# Visual Studio Version 17
VisualStudioVersion = 17.8.34330.188
MinimumVisualStudioVersion = 10.0.40219.1
Project("{FAE04EC0-301F-11D3-BF4B-00C04F79EFBC}") = "pilotoAlura", "pilotoAlura\pilotoAlura.csproj", "{116EB122-E4A4-4604-917F-38B58B02418A}"
EndProject
Global
	GlobalSection(SolutionConfigurationPlatforms) = preSolution
		Debug|Any CPU = Debug|Any CPU
		Release|Any CPU = Release|Any CPU
	EndGlobalSection
	GlobalSection(ProjectConfigurationPlatforms) = postSolution
		{116EB122-E4A4-4604-917F-38B58B02418A}.Debug|Any CPU.ActiveCfg = Debug|Any CPU
		{116EB122-E4A4-4604-917F-38B58B02418A}.Debug|Any CPU.Build.0 = Debug|Any CPU
		{116EB122-E4A4-4604-917F-38B58B02418A}.Release|Any CPU.ActiveCfg = Release|Any CPU
		{116EB122-E4A4-4604-917F-38B58B02418A}.Release|Any CPU.Build.0 = Release|Any CPU
	EndGlobalSection
	GlobalSection(SolutionProperties) = preSolution
		HideSolutionNode = FALSE
	EndGlobalSection
	GlobalSection(ExtensibilityGlobals) = postSolution
		SolutionGuid = {D86B4F47-5022-4CE7-807F-194A6619F06E}
	EndGlobalSection
EndGlobal
